// !$*UTF8*$!
{
	archiveVersion = 1;
	classes = {
	};
	objectVersion = 46;
	objects = {

/* Begin PBXBuildFile section */
		4308451C1EE942CA00DF1744 /* main.m in Sources */ = {isa = PBXBuildFile; fileRef = 4308451B1EE942CA00DF1744 /* main.m */; };
		4308451F1EE942CA00DF1744 /* AppDelegate.m in Sources */ = {isa = PBXBuildFile; fileRef = 4308451E1EE942CA00DF1744 /* AppDelegate.m */; };
		430845271EE942CA00DF1744 /* Assets.xcassets in Resources */ = {isa = PBXBuildFile; fileRef = 430845261EE942CA00DF1744 /* Assets.xcassets */; };
		4308452A1EE942CA00DF1744 /* LaunchScreen.storyboard in Resources */ = {isa = PBXBuildFile; fileRef = 430845281EE942CA00DF1744 /* LaunchScreen.storyboard */; };
		4308453A1EE9432700DF1744 /* LeftVc.m in Sources */ = {isa = PBXBuildFile; fileRef = 430845331EE9432700DF1744 /* LeftVc.m */; };
		4308453B1EE9432700DF1744 /* RightVc.m in Sources */ = {isa = PBXBuildFile; fileRef = 430845351EE9432700DF1744 /* RightVc.m */; };
		4308453C1EE9432700DF1744 /* RootVc.m in Sources */ = {isa = PBXBuildFile; fileRef = 430845371EE9432700DF1744 /* RootVc.m */; };
		4308453D1EE9432700DF1744 /* HTNextViewController.m in Sources */ = {isa = PBXBuildFile; fileRef = 430845391EE9432700DF1744 /* HTNextViewController.m */; };
/* End PBXBuildFile section */

/* Begin PBXFileReference section */
		430845171EE942CA00DF1744 /* 失败抽屉.app */ = {isa = PBXFileReference; explicitFileType = wrapper.application; includeInIndex = 0; path = "失败抽屉.app"; sourceTree = BUILT_PRODUCTS_DIR; };
		4308451B1EE942CA00DF1744 /* main.m */ = {isa = PBXFileReference; lastKnownFileType = sourcecode.c.objc; path = main.m; sourceTree = "<group>"; };
		4308451D1EE942CA00DF1744 /* AppDelegate.h */ = {isa = PBXFileReference; lastKnownFileType = sourcecode.c.h; path = AppDelegate.h; sourceTree = "<group>"; };
		4308451E1EE942CA00DF1744 /* AppDelegate.m */ = {isa = PBXFileReference; lastKnownFileType = sourcecode.c.objc; path = AppDelegate.m; sourceTree = "<group>"; };
		430845261EE942CA00DF1744 /* Assets.xcassets */ = {isa = PBXFileReference; lastKnownFileType = folder.assetcatalog; path = Assets.xcassets; sourceTree = "<group>"; };
		430845291EE942CA00DF1744 /* Base */ = {isa = PBXFileReference; lastKnownFileType = file.storyboard; name = Base; path = Base.lproj/LaunchScreen.storyboard; sourceTree = "<group>"; };
		4308452B1EE942CA00DF1744 /* Info.plist */ = {isa = PBXFileReference; lastKnownFileType = text.plist.xml; path = Info.plist; sourceTree = "<group>"; };
		430845321EE9432700DF1744 /* LeftVc.h */ = {isa = PBXFileReference; fileEncoding = 4; lastKnownFileType = sourcecode.c.h; path = LeftVc.h; sourceTree = "<group>"; };
		430845331EE9432700DF1744 /* LeftVc.m */ = {isa = PBXFileReference; fileEncoding = 4; lastKnownFileType = sourcecode.c.objc; path = LeftVc.m; sourceTree = "<group>"; };
		430845341EE9432700DF1744 /* RightVc.h */ = {isa = PBXFileReference; fileEncoding = 4; lastKnownFileType = sourcecode.c.h; path = RightVc.h; sourceTree = "<group>"; };
		430845351EE9432700DF1744 /* RightVc.m */ = {isa = PBXFileReference; fileEncoding = 4; lastKnownFileType = sourcecode.c.objc; path = RightVc.m; sourceTree = "<group>"; };
		430845361EE9432700DF1744 /* RootVc.h */ = {isa = PBXFileReference; fileEncoding = 4; lastKnownFileType = sourcecode.c.h; path = RootVc.h; sourceTree = "<group>"; };
		430845371EE9432700DF1744 /* RootVc.m */ = {isa = PBXFileReference; fileEncoding = 4; lastKnownFileType = sourcecode.c.objc; path = RootVc.m; sourceTree = "<group>"; };
		430845381EE9432700DF1744 /* HTNextViewController.h */ = {isa = PBXFileReference; fileEncoding = 4; lastKnownFileType = sourcecode.c.h; path = HTNextViewController.h; sourceTree = "<group>"; };
		430845391EE9432700DF1744 /* HTNextViewController.m */ = {isa = PBXFileReference; fileEncoding = 4; lastKnownFileType = sourcecode.c.objc; path = HTNextViewController.m; sourceTree = "<group>"; };
/* End PBXFileReference section */

/* Begin PBXFrameworksBuildPhase section */
		430845141EE942CA00DF1744 /* Frameworks */ = {
			isa = PBXFrameworksBuildPhase;
			buildActionMask = 2147483647;
			files = (
			);
			runOnlyForDeploymentPostprocessing = 0;
		};
/* End PBXFrameworksBuildPhase section */

/* Begin PBXGroup section */
		4308450E1EE942CA00DF1744 = {
			isa = PBXGroup;
			children = (
				430845191EE942CA00DF1744 /* 失败抽屉 */,
				430845181EE942CA00DF1744 /* Products */,
			);
			sourceTree = "<group>";
		};
		430845181EE942CA00DF1744 /* Products */ = {
			isa = PBXGroup;
			children = (
				430845171EE942CA00DF1744 /* 失败抽屉.app */,
			);
			name = Products;
			sourceTree = "<group>";
		};
		430845191EE942CA00DF1744 /* 失败抽屉 */ = {
			isa = PBXGroup;
			children = (
				430845311EE9432700DF1744 /* HTDrawer */,
				430845381EE9432700DF1744 /* HTNextViewController.h */,
				430845391EE9432700DF1744 /* HTNextViewController.m */,
				4308451D1EE942CA00DF1744 /* AppDelegate.h */,
				4308451E1EE942CA00DF1744 /* AppDelegate.m */,
				430845261EE942CA00DF1744 /* Assets.xcassets */,
				430845281EE942CA00DF1744 /* LaunchScreen.storyboard */,
				4308452B1EE942CA00DF1744 /* Info.plist */,
				4308451A1EE942CA00DF1744 /* Supporting Files */,
			);
			path = "失败抽屉";
			sourceTree = "<group>";
		};
		4308451A1EE942CA00DF1744 /* Supporting Files */ = {
			isa = PBXGroup;
			children = (
				4308451B1EE942CA00DF1744 /* main.m */,
			);
			name = "Supporting Files";
			sourceTree = "<group>";
		};
		430845311EE9432700DF1744 /* HTDrawer */ = {
			isa = PBXGroup;
			children = (
				430845321EE9432700DF1744 /* LeftVc.h */,
				430845331EE9432700DF1744 /* LeftVc.m */,
				430845341EE9432700DF1744 /* RightVc.h */,
				430845351EE9432700DF1744 /* RightVc.m */,
				430845361EE9432700DF1744 /* RootVc.h */,
				430845371EE9432700DF1744 /* RootVc.m */,
			);
			path = HTDrawer;
			sourceTree = "<group>";
		};
/* End PBXGroup section */

/* Begin PBXNativeTarget section */
		430845161EE942CA00DF1744 /* 失败抽屉 */ = {
			isa = PBXNativeTarget;
			buildConfigurationList = 4308452E1EE942CA00DF1744 /* Build configuration list for PBXNativeTarget "失败抽屉" */;
			buildPhases = (
				430845131EE942CA00DF1744 /* Sources */,
				430845141EE942CA00DF1744 /* Frameworks */,
				430845151EE942CA00DF1744 /* Resources */,
			);
			buildRules = (
			);
			dependencies = (
			);
			name = "失败抽屉";
			productName = "失败抽屉";
			productReference = 430845171EE942CA00DF1744 /* 失败抽屉.app */;
			productType = "com.apple.product-type.application";
		};
/* End PBXNativeTarget section */

/* Begin PBXProject section */
		4308450F1EE942CA00DF1744 /* Project object */ = {
			isa = PBXProject;
			attributes = {
				LastUpgradeCheck = 0830;
				ORGANIZATIONNAME = "胡海涛";
				TargetAttributes = {
					430845161EE942CA00DF1744 = {
						CreatedOnToolsVersion = 8.3;
						ProvisioningStyle = Automatic;
					};
				};
			};
			buildConfigurationList = 430845121EE942CA00DF1744 /* Build configuration list for PBXProject "失败抽屉" */;
			compatibilityVersion = "Xcode 3.2";
			developmentRegion = English;
			hasScannedForEncodings = 0;
			knownRegions = (
				en,
				Base,
			);
			mainGroup = 4308450E1EE942CA00DF1744;
			productRefGroup = 430845181EE942CA00DF1744 /* Products */;
			projectDirPath = "";
			projectRoot = "";
			targets = (
				430845161EE942CA00DF1744 /* 失败抽屉 */,
			);
		};
/* End PBXProject section */

/* Begin PBXResourcesBuildPhase section */
		430845151EE942CA00DF1744 /* Resources */ = {
			isa = PBXResourcesBuildPhase;
			buildActionMask = 2147483647;
			files = (
				4308452A1EE942CA00DF1744 /* LaunchScreen.storyboard in Resources */,
				430845271EE942CA00DF1744 /* Assets.xcassets in Resources */,
			);
			runOnlyForDeploymentPostprocessing = 0;
		};
/* End PBXResourcesBuildPhase section */

/* Begin PBXSourcesBuildPhase section */
		430845131EE942CA00DF1744 /* Sources */ = {
			isa = PBXSourcesBuildPhase;
			buildActionMask = 2147483647;
			files = (
				4308451F1EE942CA00DF1744 /* AppDelegate.m in Sources */,
				4308453A1EE9432700DF1744 /* LeftVc.m in Sources */,
				4308451C1EE942CA00DF1744 /* main.m in Sources */,
				4308453D1EE9432700DF1744 /* HTNextViewController.m in Sources */,
				4308453B1EE9432700DF1744 /* RightVc.m in Sources */,
				4308453C1EE9432700DF1744 /* RootVc.m in Sources */,
			);
			runOnlyForDeploymentPostprocessing = 0;
		};
/* End PBXSourcesBuildPhase section */

/* Begin PBXVariantGroup section */
		430845281EE942CA00DF1744 /* LaunchScreen.storyboard */ = {
			isa = PBXVariantGroup;
			children = (
				430845291EE942CA00DF1744 /* Base */,
			);
			name = LaunchScreen.storyboard;
			sourceTree = "<group>";
		};
/* End PBXVariantGroup section */

/* Begin XCBuildConfiguration section */
		4308452C1EE942CA00DF1744 /* Debug */ = {
			isa = XCBuildConfiguration;
			buildSettings = {
				ALWAYS_SEARCH_USER_PATHS = NO;
				CLANG_ANALYZER_NONNULL = YES;
				CLANG_ANALYZER_NUMBER_OBJECT_CONVERSION = YES_AGGRESSIVE;
				CLANG_CXX_LANGUAGE_STANDARD = "gnu++0x";
				CLANG_CXX_LIBRARY = "libc++";
				CLANG_ENABLE_MODULES = YES;
				CLANG_ENABLE_OBJC_ARC = YES;
				CLANG_WARN_BOOL_CONVERSION = YES;
				CLANG_WARN_CONSTANT_CONVERSION = YES;
				CLANG_WARN_DIRECT_OBJC_ISA_USAGE = YES_ERROR;
				CLANG_WARN_DOCUMENTATION_COMMENTS = YES;
				CLANG_WARN_EMPTY_BODY = YES;
				CLANG_WARN_ENUM_CONVERSION = YES;
				CLANG_WARN_INFINITE_RECURSION = YES;
				CLANG_WARN_INT_CONVERSION = YES;
				CLANG_WARN_OBJC_ROOT_CLASS = YES_ERROR;
				CLANG_WARN_SUSPICIOUS_MOVE = YES;
				CLANG_WARN_UNREACHABLE_CODE = YES;
				CLANG_WARN__DUPLICATE_METHOD_MATCH = YES;
				"CODE_SIGN_IDENTITY[sdk=iphoneos*]" = "iPhone Developer";
				COPY_PHASE_STRIP = NO;
				DEBUG_INFORMATION_FORMAT = dwarf;
				ENABLE_STRICT_OBJC_MSGSEND = YES;
				ENABLE_TESTABILITY = YES;
				GCC_C_LANGUAGE_STANDARD = gnu99;
				GCC_DYNAMIC_NO_PIC = NO;
				GCC_NO_COMMON_BLOCKS = YES;
				GCC_OPTIMIZATION_LEVEL = 0;
				GCC_PREPROCESSOR_DEFINITIONS = (
					"DEBUG=1",
					"$(inherited)",
				);
				GCC_WARN_64_TO_32_BIT_CONVERSION = YES;
				GCC_WARN_ABOUT_RETURN_TYPE = YES_ERROR;
				GCC_WARN_UNDECLARED_SELECTOR = YES;
				GCC_WARN_UNINITIALIZED_AUTOS = YES_AGGRESSIVE;
				GCC_WARN_UNUSED_FUNCTION = YES;
				GCC_WARN_UNUSED_VARIABLE = YES;
				IPHONEOS_DEPLOYMENT_TARGET = 10.3;
				MTL_ENABLE_DEBUG_INFO = YES;
				ONLY_ACTIVE_ARCH = YES;
				SDKROOT = iphoneos;
			};
			name = Debug;
		};
		4308452D1EE942CA00DF1744 /* Release */ = {
			isa = XCBuildConfiguration;
			buildSettings = {
				ALWAYS_SEARCH_USER_PATHS = NO;
				CLANG_ANALYZER_NONNULL = YES;
				CLANG_ANALYZER_NUMBER_OBJECT_CONVERSION = YES_AGGRESSIVE;
				CLANG_CXX_LANGUAGE_STANDARD = "gnu++0x";
				CLANG_CXX_LIBRARY = "libc++";
				CLANG_ENABLE_MODULES = YES;
				CLANG_ENABLE_OBJC_ARC = YES;
				CLANG_WARN_BOOL_CONVERSION = YES;
				CLANG_WARN_CONSTANT_CONVERSION = YES;
				CLANG_WARN_DIRECT_OBJC_ISA_USAGE = YES_ERROR;
				CLANG_WARN_DOCUMENTATION_COMMENTS = YES;
				CLANG_WARN_EMPTY_BODY = YES;
				CLANG_WARN_ENUM_CONVERSION = YES;
				CLANG_WARN_INFINITE_RECURSION = YES;
				CLANG_WARN_INT_CONVERSION = YES;
				CLANG_WARN_OBJC_ROOT_CLASS = YES_ERROR;
				CLANG_WARN_SUSPICIOUS_MOVE = YES;
				CLANG_WARN_UNREACHABLE_CODE = YES;
				CLANG_WARN__DUPLICATE_METHOD_MATCH = YES;
				"CODE_SIGN_IDENTITY[sdk=iphoneos*]" = "iPhone Developer";
				COPY_PHASE_STRIP = NO;
				DEBUG_INFORMATION_FORMAT = "dwarf-with-dsym";
				ENABLE_NS_ASSERTIONS = NO;
				ENABLE_STRICT_OBJC_MSGSEND = YES;
				GCC_C_LANGUAGE_STANDARD = gnu99;
				GCC_NO_COMMON_BLOCKS = YES;
				GCC_WARN_64_TO_32_BIT_CONVERSION = YES;
				GCC_WARN_ABOUT_RETURN_TYPE = YES_ERROR;
				GCC_WARN_UNDECLARED_SELECTOR = YES;
				GCC_WARN_UNINITIALIZED_AUTOS = YES_AGGRESSIVE;
				GCC_WARN_UNUSED_FUNCTION = YES;
				GCC_WARN_UNUSED_VARIABLE = YES;
				IPHONEOS_DEPLOYMENT_TARGET = 10.3;
				MTL_ENABLE_DEBUG_INFO = NO;
				SDKROOT = iphoneos;
				VALIDATE_PRODUCT = YES;
			};
			name = Release;
		};
		4308452F1EE942CA00DF1744 /* Debug */ = {
			isa = XCBuildConfiguration;
			buildSettings = {
				ASSETCATALOG_COMPILER_APPICON_NAME = AppIcon;
				INFOPLIST_FILE = "失败抽屉/Info.plist";
				LD_RUNPATH_SEARCH_PATHS = "$(inherited) @executable_path/Frameworks";
				PRODUCT_BUNDLE_IDENTIFIER = "com.aisino.hardy.----";
				PRODUCT_NAME = "$(TARGET_NAME)";
			};
			name = Debug;
		};
		430845301EE942CA00DF1744 /* Release */ = {
			isa = XCBuildConfiguration;
			buildSettings = {
				ASSETCATALOG_COMPILER_APPICON_NAME = AppIcon;
				INFOPLIST_FILE = "失败抽屉/Info.plist";
				LD_RUNPATH_SEARCH_PATHS = "$(inherited) @executable_path/Frameworks";
				PRODUCT_BUNDLE_IDENTIFIER = "com.aisino.hardy.----";
				PRODUCT_NAME = "$(TARGET_NAME)";
			};
			name = Release;
		};
/* End XCBuildConfiguration section */

/* Begin XCConfigurationList section */
		430845121EE942CA00DF1744 /* Build configuration list for PBXProject "失败抽屉" */ = {
			isa = XCConfigurationList;
			buildConfigurations = (
				4308452C1EE942CA00DF1744 /* Debug */,
				4308452D1EE942CA00DF1744 /* Release */,
			);
			defaultConfigurationIsVisible = 0;
			defaultConfigurationName = Release;
		};
		4308452E1EE942CA00DF1744 /* Build configuration list for PBXNativeTarget "失败抽屉" */ = {
			isa = XCConfigurationList;
			buildConfigurations = (
				4308452F1EE942CA00DF1744 /* Debug */,
				430845301EE942CA00DF1744 /* Release */,
			);
			defaultConfigurationIsVisible = 0;
		};
/* End XCConfigurationList section */
	};
	rootObject = 4308450F1EE942CA00DF1744 /* Project object */;
}
