// !$*UTF8*$!
{
	archiveVersion = 1;
	classes = {
	};
	objectVersion = 48;
	objects = {

/* Begin PBXBuildFile section */
		43D0391A2021A82F00E846F9 /* AppDelegate.m in Sources */ = {isa = PBXBuildFile; fileRef = 43D039192021A82F00E846F9 /* AppDelegate.m */; };
		43D0391D2021A82F00E846F9 /* ViewController.m in Sources */ = {isa = PBXBuildFile; fileRef = 43D0391C2021A82F00E846F9 /* ViewController.m */; };
		43D039202021A82F00E846F9 /* Main.storyboard in Resources */ = {isa = PBXBuildFile; fileRef = 43D0391E2021A82F00E846F9 /* Main.storyboard */; };
		43D039222021A82F00E846F9 /* Assets.xcassets in Resources */ = {isa = PBXBuildFile; fileRef = 43D039212021A82F00E846F9 /* Assets.xcassets */; };
		43D039252021A82F00E846F9 /* LaunchScreen.storyboard in Resources */ = {isa = PBXBuildFile; fileRef = 43D039232021A82F00E846F9 /* LaunchScreen.storyboard */; };
		43D039282021A82F00E846F9 /* main.m in Sources */ = {isa = PBXBuildFile; fileRef = 43D039272021A82F00E846F9 /* main.m */; };
		43D039302021A86400E846F9 /* UITextField+Extension.m in Sources */ = {isa = PBXBuildFile; fileRef = 43D0392F2021A86400E846F9 /* UITextField+Extension.m */; };
/* End PBXBuildFile section */

/* Begin PBXFileReference section */
		43D039152021A82F00E846F9 /* UITextViewDemo.app */ = {isa = PBXFileReference; explicitFileType = wrapper.application; includeInIndex = 0; path = UITextViewDemo.app; sourceTree = BUILT_PRODUCTS_DIR; };
		43D039182021A82F00E846F9 /* AppDelegate.h */ = {isa = PBXFileReference; lastKnownFileType = sourcecode.c.h; path = AppDelegate.h; sourceTree = "<group>"; };
		43D039192021A82F00E846F9 /* AppDelegate.m */ = {isa = PBXFileReference; lastKnownFileType = sourcecode.c.objc; path = AppDelegate.m; sourceTree = "<group>"; };
		43D0391B2021A82F00E846F9 /* ViewController.h */ = {isa = PBXFileReference; lastKnownFileType = sourcecode.c.h; path = ViewController.h; sourceTree = "<group>"; };
		43D0391C2021A82F00E846F9 /* ViewController.m */ = {isa = PBXFileReference; lastKnownFileType = sourcecode.c.objc; path = ViewController.m; sourceTree = "<group>"; };
		43D0391F2021A82F00E846F9 /* Base */ = {isa = PBXFileReference; lastKnownFileType = file.storyboard; name = Base; path = Base.lproj/Main.storyboard; sourceTree = "<group>"; };
		43D039212021A82F00E846F9 /* Assets.xcassets */ = {isa = PBXFileReference; lastKnownFileType = folder.assetcatalog; path = Assets.xcassets; sourceTree = "<group>"; };
		43D039242021A82F00E846F9 /* Base */ = {isa = PBXFileReference; lastKnownFileType = file.storyboard; name = Base; path = Base.lproj/LaunchScreen.storyboard; sourceTree = "<group>"; };
		43D039262021A82F00E846F9 /* Info.plist */ = {isa = PBXFileReference; lastKnownFileType = text.plist.xml; path = Info.plist; sourceTree = "<group>"; };
		43D039272021A82F00E846F9 /* main.m */ = {isa = PBXFileReference; lastKnownFileType = sourcecode.c.objc; path = main.m; sourceTree = "<group>"; };
		43D0392E2021A86400E846F9 /* UITextField+Extension.h */ = {isa = PBXFileReference; lastKnownFileType = sourcecode.c.h; path = "UITextField+Extension.h"; sourceTree = "<group>"; };
		43D0392F2021A86400E846F9 /* UITextField+Extension.m */ = {isa = PBXFileReference; lastKnownFileType = sourcecode.c.objc; path = "UITextField+Extension.m"; sourceTree = "<group>"; };
/* End PBXFileReference section */

/* Begin PBXFrameworksBuildPhase section */
		43D039122021A82F00E846F9 /* Frameworks */ = {
			isa = PBXFrameworksBuildPhase;
			buildActionMask = 2147483647;
			files = (
			);
			runOnlyForDeploymentPostprocessing = 0;
		};
/* End PBXFrameworksBuildPhase section */

/* Begin PBXGroup section */
		43D0390C2021A82F00E846F9 = {
			isa = PBXGroup;
			children = (
				43D039172021A82F00E846F9 /* UITextViewDemo */,
				43D039162021A82F00E846F9 /* Products */,
			);
			sourceTree = "<group>";
		};
		43D039162021A82F00E846F9 /* Products */ = {
			isa = PBXGroup;
			children = (
				43D039152021A82F00E846F9 /* UITextViewDemo.app */,
			);
			name = Products;
			sourceTree = "<group>";
		};
		43D039172021A82F00E846F9 /* UITextViewDemo */ = {
			isa = PBXGroup;
			children = (
				43D039182021A82F00E846F9 /* AppDelegate.h */,
				43D039192021A82F00E846F9 /* AppDelegate.m */,
				43D0391B2021A82F00E846F9 /* ViewController.h */,
				43D0391C2021A82F00E846F9 /* ViewController.m */,
				43D0392E2021A86400E846F9 /* UITextField+Extension.h */,
				43D0392F2021A86400E846F9 /* UITextField+Extension.m */,
				43D0391E2021A82F00E846F9 /* Main.storyboard */,
				43D039212021A82F00E846F9 /* Assets.xcassets */,
				43D039232021A82F00E846F9 /* LaunchScreen.storyboard */,
				43D039262021A82F00E846F9 /* Info.plist */,
				43D039272021A82F00E846F9 /* main.m */,
			);
			path = UITextViewDemo;
			sourceTree = "<group>";
		};
/* End PBXGroup section */

/* Begin PBXNativeTarget section */
		43D039142021A82F00E846F9 /* UITextViewDemo */ = {
			isa = PBXNativeTarget;
			buildConfigurationList = 43D0392B2021A82F00E846F9 /* Build configuration list for PBXNativeTarget "UITextViewDemo" */;
			buildPhases = (
				43D039112021A82F00E846F9 /* Sources */,
				43D039122021A82F00E846F9 /* Frameworks */,
				43D039132021A82F00E846F9 /* Resources */,
			);
			buildRules = (
			);
			dependencies = (
			);
			name = UITextViewDemo;
			productName = UITextViewDemo;
			productReference = 43D039152021A82F00E846F9 /* UITextViewDemo.app */;
			productType = "com.apple.product-type.application";
		};
/* End PBXNativeTarget section */

/* Begin PBXProject section */
		43D0390D2021A82F00E846F9 /* Project object */ = {
			isa = PBXProject;
			attributes = {
				LastUpgradeCheck = 0920;
				ORGANIZATIONNAME = "Hardy Hu";
				TargetAttributes = {
					43D039142021A82F00E846F9 = {
						CreatedOnToolsVersion = 9.2;
						ProvisioningStyle = Automatic;
					};
				};
			};
			buildConfigurationList = 43D039102021A82F00E846F9 /* Build configuration list for PBXProject "UITextViewDemo" */;
			compatibilityVersion = "Xcode 8.0";
			developmentRegion = en;
			hasScannedForEncodings = 0;
			knownRegions = (
				en,
				Base,
			);
			mainGroup = 43D0390C2021A82F00E846F9;
			productRefGroup = 43D039162021A82F00E846F9 /* Products */;
			projectDirPath = "";
			projectRoot = "";
			targets = (
				43D039142021A82F00E846F9 /* UITextViewDemo */,
			);
		};
/* End PBXProject section */

/* Begin PBXResourcesBuildPhase section */
		43D039132021A82F00E846F9 /* Resources */ = {
			isa = PBXResourcesBuildPhase;
			buildActionMask = 2147483647;
			files = (
				43D039252021A82F00E846F9 /* LaunchScreen.storyboard in Resources */,
				43D039222021A82F00E846F9 /* Assets.xcassets in Resources */,
				43D039202021A82F00E846F9 /* Main.storyboard in Resources */,
			);
			runOnlyForDeploymentPostprocessing = 0;
		};
/* End PBXResourcesBuildPhase section */

/* Begin PBXSourcesBuildPhase section */
		43D039112021A82F00E846F9 /* Sources */ = {
			isa = PBXSourcesBuildPhase;
			buildActionMask = 2147483647;
			files = (
				43D0391D2021A82F00E846F9 /* ViewController.m in Sources */,
				43D039302021A86400E846F9 /* UITextField+Extension.m in Sources */,
				43D039282021A82F00E846F9 /* main.m in Sources */,
				43D0391A2021A82F00E846F9 /* AppDelegate.m in Sources */,
			);
			runOnlyForDeploymentPostprocessing = 0;
		};
/* End PBXSourcesBuildPhase section */

/* Begin PBXVariantGroup section */
		43D0391E2021A82F00E846F9 /* Main.storyboard */ = {
			isa = PBXVariantGroup;
			children = (
				43D0391F2021A82F00E846F9 /* Base */,
			);
			name = Main.storyboard;
			sourceTree = "<group>";
		};
		43D039232021A82F00E846F9 /* LaunchScreen.storyboard */ = {
			isa = PBXVariantGroup;
			children = (
				43D039242021A82F00E846F9 /* Base */,
			);
			name = LaunchScreen.storyboard;
			sourceTree = "<group>";
		};
/* End PBXVariantGroup section */

/* Begin XCBuildConfiguration section */
		43D039292021A82F00E846F9 /* Debug */ = {
			isa = XCBuildConfiguration;
			buildSettings = {
				ALWAYS_SEARCH_USER_PATHS = NO;
				CLANG_ANALYZER_NONNULL = YES;
				CLANG_ANALYZER_NUMBER_OBJECT_CONVERSION = YES_AGGRESSIVE;
				CLANG_CXX_LANGUAGE_STANDARD = "gnu++14";
				CLANG_CXX_LIBRARY = "libc++";
				CLANG_ENABLE_MODULES = YES;
				CLANG_ENABLE_OBJC_ARC = YES;
				CLANG_WARN_BLOCK_CAPTURE_AUTORELEASING = YES;
				CLANG_WARN_BOOL_CONVERSION = YES;
				CLANG_WARN_COMMA = YES;
				CLANG_WARN_CONSTANT_CONVERSION = YES;
				CLANG_WARN_DIRECT_OBJC_ISA_USAGE = YES_ERROR;
				CLANG_WARN_DOCUMENTATION_COMMENTS = YES;
				CLANG_WARN_EMPTY_BODY = YES;
				CLANG_WARN_ENUM_CONVERSION = YES;
				CLANG_WARN_INFINITE_RECURSION = YES;
				CLANG_WARN_INT_CONVERSION = YES;
				CLANG_WARN_NON_LITERAL_NULL_CONVERSION = YES;
				CLANG_WARN_OBJC_LITERAL_CONVERSION = YES;
				CLANG_WARN_OBJC_ROOT_CLASS = YES_ERROR;
				CLANG_WARN_RANGE_LOOP_ANALYSIS = YES;
				CLANG_WARN_STRICT_PROTOTYPES = YES;
				CLANG_WARN_SUSPICIOUS_MOVE = YES;
				CLANG_WARN_UNGUARDED_AVAILABILITY = YES_AGGRESSIVE;
				CLANG_WARN_UNREACHABLE_CODE = YES;
				CLANG_WARN__DUPLICATE_METHOD_MATCH = YES;
				CODE_SIGN_IDENTITY = "iPhone Developer";
				COPY_PHASE_STRIP = NO;
				DEBUG_INFORMATION_FORMAT = dwarf;
				ENABLE_STRICT_OBJC_MSGSEND = YES;
				ENABLE_TESTABILITY = YES;
				GCC_C_LANGUAGE_STANDARD = gnu11;
				GCC_DYNAMIC_NO_PIC = NO;
				GCC_NO_COMMON_BLOCKS = YES;
				GCC_OPTIMIZATION_LEVEL = 0;
				GCC_PREPROCESSOR_DEFINITIONS = (
					"DEBUG=1",
					"$(inherited)",
				);
				GCC_WARN_64_TO_32_BIT_CONVERSION = YES;
				GCC_WARN_ABOUT_RETURN_TYPE = YES_ERROR;
				GCC_WARN_UNDECLARED_SELECTOR = YES;
				GCC_WARN_UNINITIALIZED_AUTOS = YES_AGGRESSIVE;
				GCC_WARN_UNUSED_FUNCTION = YES;
				GCC_WARN_UNUSED_VARIABLE = YES;
				IPHONEOS_DEPLOYMENT_TARGET = 11.2;
				MTL_ENABLE_DEBUG_INFO = YES;
				ONLY_ACTIVE_ARCH = YES;
				SDKROOT = iphoneos;
			};
			name = Debug;
		};
		43D0392A2021A82F00E846F9 /* Release */ = {
			isa = XCBuildConfiguration;
			buildSettings = {
				ALWAYS_SEARCH_USER_PATHS = NO;
				CLANG_ANALYZER_NONNULL = YES;
				CLANG_ANALYZER_NUMBER_OBJECT_CONVERSION = YES_AGGRESSIVE;
				CLANG_CXX_LANGUAGE_STANDARD = "gnu++14";
				CLANG_CXX_LIBRARY = "libc++";
				CLANG_ENABLE_MODULES = YES;
				CLANG_ENABLE_OBJC_ARC = YES;
				CLANG_WARN_BLOCK_CAPTURE_AUTORELEASING = YES;
				CLANG_WARN_BOOL_CONVERSION = YES;
				CLANG_WARN_COMMA = YES;
				CLANG_WARN_CONSTANT_CONVERSION = YES;
				CLANG_WARN_DIRECT_OBJC_ISA_USAGE = YES_ERROR;
				CLANG_WARN_DOCUMENTATION_COMMENTS = YES;
				CLANG_WARN_EMPTY_BODY = YES;
				CLANG_WARN_ENUM_CONVERSION = YES;
				CLANG_WARN_INFINITE_RECURSION = YES;
				CLANG_WARN_INT_CONVERSION = YES;
				CLANG_WARN_NON_LITERAL_NULL_CONVERSION = YES;
				CLANG_WARN_OBJC_LITERAL_CONVERSION = YES;
				CLANG_WARN_OBJC_ROOT_CLASS = YES_ERROR;
				CLANG_WARN_RANGE_LOOP_ANALYSIS = YES;
				CLANG_WARN_STRICT_PROTOTYPES = YES;
				CLANG_WARN_SUSPICIOUS_MOVE = YES;
				CLANG_WARN_UNGUARDED_AVAILABILITY = YES_AGGRESSIVE;
				CLANG_WARN_UNREACHABLE_CODE = YES;
				CLANG_WARN__DUPLICATE_METHOD_MATCH = YES;
				CODE_SIGN_IDENTITY = "iPhone Developer";
				COPY_PHASE_STRIP = NO;
				DEBUG_INFORMATION_FORMAT = "dwarf-with-dsym";
				ENABLE_NS_ASSERTIONS = NO;
				ENABLE_STRICT_OBJC_MSGSEND = YES;
				GCC_C_LANGUAGE_STANDARD = gnu11;
				GCC_NO_COMMON_BLOCKS = YES;
				GCC_WARN_64_TO_32_BIT_CONVERSION = YES;
				GCC_WARN_ABOUT_RETURN_TYPE = YES_ERROR;
				GCC_WARN_UNDECLARED_SELECTOR = YES;
				GCC_WARN_UNINITIALIZED_AUTOS = YES_AGGRESSIVE;
				GCC_WARN_UNUSED_FUNCTION = YES;
				GCC_WARN_UNUSED_VARIABLE = YES;
				IPHONEOS_DEPLOYMENT_TARGET = 11.2;
				MTL_ENABLE_DEBUG_INFO = NO;
				SDKROOT = iphoneos;
				VALIDATE_PRODUCT = YES;
			};
			name = Release;
		};
		43D0392C2021A82F00E846F9 /* Debug */ = {
			isa = XCBuildConfiguration;
			buildSettings = {
				ASSETCATALOG_COMPILER_APPICON_NAME = AppIcon;
				CODE_SIGN_STYLE = Automatic;
				INFOPLIST_FILE = UITextViewDemo/Info.plist;
				LD_RUNPATH_SEARCH_PATHS = "$(inherited) @executable_path/Frameworks";
				PRODUCT_BUNDLE_IDENTIFIER = com.aisino.hardy.UITextViewDemo;
				PRODUCT_NAME = "$(TARGET_NAME)";
				TARGETED_DEVICE_FAMILY = "1,2";
			};
			name = Debug;
		};
		43D0392D2021A82F00E846F9 /* Release */ = {
			isa = XCBuildConfiguration;
			buildSettings = {
				ASSETCATALOG_COMPILER_APPICON_NAME = AppIcon;
				CODE_SIGN_STYLE = Automatic;
				INFOPLIST_FILE = UITextViewDemo/Info.plist;
				LD_RUNPATH_SEARCH_PATHS = "$(inherited) @executable_path/Frameworks";
				PRODUCT_BUNDLE_IDENTIFIER = com.aisino.hardy.UITextViewDemo;
				PRODUCT_NAME = "$(TARGET_NAME)";
				TARGETED_DEVICE_FAMILY = "1,2";
			};
			name = Release;
		};
/* End XCBuildConfiguration section */

/* Begin XCConfigurationList section */
		43D039102021A82F00E846F9 /* Build configuration list for PBXProject "UITextViewDemo" */ = {
			isa = XCConfigurationList;
			buildConfigurations = (
				43D039292021A82F00E846F9 /* Debug */,
				43D0392A2021A82F00E846F9 /* Release */,
			);
			defaultConfigurationIsVisible = 0;
			defaultConfigurationName = Release;
		};
		43D0392B2021A82F00E846F9 /* Build configuration list for PBXNativeTarget "UITextViewDemo" */ = {
			isa = XCConfigurationList;
			buildConfigurations = (
				43D0392C2021A82F00E846F9 /* Debug */,
				43D0392D2021A82F00E846F9 /* Release */,
			);
			defaultConfigurationIsVisible = 0;
			defaultConfigurationName = Release;
		};
/* End XCConfigurationList section */
	};
	rootObject = 43D0390D2021A82F00E846F9 /* Project object */;
}
