// !$*UTF8*$!
{
	archiveVersion = 1;
	classes = {
	};
	objectVersion = 46;
	objects = {

/* Begin PBXBuildFile section */
		432DF7531EE7DC9B0048802F /* HTNextViewController.m in Sources */ = {isa = PBXBuildFile; fileRef = 432DF7521EE7DC9B0048802F /* HTNextViewController.m */; };
		4345258C1D9520D50008ABC7 /* main.m in Sources */ = {isa = PBXBuildFile; fileRef = 4345258B1D9520D50008ABC7 /* main.m */; };
		4345258F1D9520D50008ABC7 /* AppDelegate.m in Sources */ = {isa = PBXBuildFile; fileRef = 4345258E1D9520D50008ABC7 /* AppDelegate.m */; };
		434525971D9520D50008ABC7 /* Assets.xcassets in Resources */ = {isa = PBXBuildFile; fileRef = 434525961D9520D50008ABC7 /* Assets.xcassets */; };
		4345259A1D9520D50008ABC7 /* LaunchScreen.storyboard in Resources */ = {isa = PBXBuildFile; fileRef = 434525981D9520D50008ABC7 /* LaunchScreen.storyboard */; };
		434525A41D9521160008ABC7 /* RootVc.m in Sources */ = {isa = PBXBuildFile; fileRef = 434525A31D9521160008ABC7 /* RootVc.m */; };
		434525A71D9521320008ABC7 /* LeftVc.m in Sources */ = {isa = PBXBuildFile; fileRef = 434525A61D9521320008ABC7 /* LeftVc.m */; };
		434525AA1D9521400008ABC7 /* RightVc.m in Sources */ = {isa = PBXBuildFile; fileRef = 434525A91D9521400008ABC7 /* RightVc.m */; };
/* End PBXBuildFile section */

/* Begin PBXFileReference section */
		432DF7511EE7DC9B0048802F /* HTNextViewController.h */ = {isa = PBXFileReference; fileEncoding = 4; lastKnownFileType = sourcecode.c.h; path = HTNextViewController.h; sourceTree = "<group>"; };
		432DF7521EE7DC9B0048802F /* HTNextViewController.m */ = {isa = PBXFileReference; fileEncoding = 4; lastKnownFileType = sourcecode.c.objc; path = HTNextViewController.m; sourceTree = "<group>"; };
		434525871D9520D50008ABC7 /* 抽屉.app */ = {isa = PBXFileReference; explicitFileType = wrapper.application; includeInIndex = 0; path = "抽屉.app"; sourceTree = BUILT_PRODUCTS_DIR; };
		4345258B1D9520D50008ABC7 /* main.m */ = {isa = PBXFileReference; lastKnownFileType = sourcecode.c.objc; path = main.m; sourceTree = "<group>"; };
		4345258D1D9520D50008ABC7 /* AppDelegate.h */ = {isa = PBXFileReference; lastKnownFileType = sourcecode.c.h; path = AppDelegate.h; sourceTree = "<group>"; };
		4345258E1D9520D50008ABC7 /* AppDelegate.m */ = {isa = PBXFileReference; lastKnownFileType = sourcecode.c.objc; path = AppDelegate.m; sourceTree = "<group>"; };
		434525961D9520D50008ABC7 /* Assets.xcassets */ = {isa = PBXFileReference; lastKnownFileType = folder.assetcatalog; path = Assets.xcassets; sourceTree = "<group>"; };
		434525991D9520D50008ABC7 /* Base */ = {isa = PBXFileReference; lastKnownFileType = file.storyboard; name = Base; path = Base.lproj/LaunchScreen.storyboard; sourceTree = "<group>"; };
		4345259B1D9520D50008ABC7 /* Info.plist */ = {isa = PBXFileReference; lastKnownFileType = text.plist.xml; path = Info.plist; sourceTree = "<group>"; };
		434525A21D9521160008ABC7 /* RootVc.h */ = {isa = PBXFileReference; fileEncoding = 4; lastKnownFileType = sourcecode.c.h; path = RootVc.h; sourceTree = "<group>"; };
		434525A31D9521160008ABC7 /* RootVc.m */ = {isa = PBXFileReference; fileEncoding = 4; lastKnownFileType = sourcecode.c.objc; path = RootVc.m; sourceTree = "<group>"; };
		434525A51D9521320008ABC7 /* LeftVc.h */ = {isa = PBXFileReference; fileEncoding = 4; lastKnownFileType = sourcecode.c.h; path = LeftVc.h; sourceTree = "<group>"; };
		434525A61D9521320008ABC7 /* LeftVc.m */ = {isa = PBXFileReference; fileEncoding = 4; lastKnownFileType = sourcecode.c.objc; path = LeftVc.m; sourceTree = "<group>"; };
		434525A81D9521400008ABC7 /* RightVc.h */ = {isa = PBXFileReference; fileEncoding = 4; lastKnownFileType = sourcecode.c.h; path = RightVc.h; sourceTree = "<group>"; };
		434525A91D9521400008ABC7 /* RightVc.m */ = {isa = PBXFileReference; fileEncoding = 4; lastKnownFileType = sourcecode.c.objc; path = RightVc.m; sourceTree = "<group>"; };
/* End PBXFileReference section */

/* Begin PBXFrameworksBuildPhase section */
		434525841D9520D50008ABC7 /* Frameworks */ = {
			isa = PBXFrameworksBuildPhase;
			buildActionMask = 2147483647;
			files = (
			);
			runOnlyForDeploymentPostprocessing = 0;
		};
/* End PBXFrameworksBuildPhase section */

/* Begin PBXGroup section */
		4345257E1D9520D50008ABC7 = {
			isa = PBXGroup;
			children = (
				434525891D9520D50008ABC7 /* 抽屉 */,
				434525881D9520D50008ABC7 /* Products */,
			);
			sourceTree = "<group>";
		};
		434525881D9520D50008ABC7 /* Products */ = {
			isa = PBXGroup;
			children = (
				434525871D9520D50008ABC7 /* 抽屉.app */,
			);
			name = Products;
			sourceTree = "<group>";
		};
		434525891D9520D50008ABC7 /* 抽屉 */ = {
			isa = PBXGroup;
			children = (
				434525A11D9521000008ABC7 /* HTDrawer */,
				4345258D1D9520D50008ABC7 /* AppDelegate.h */,
				4345258E1D9520D50008ABC7 /* AppDelegate.m */,
				432DF7511EE7DC9B0048802F /* HTNextViewController.h */,
				432DF7521EE7DC9B0048802F /* HTNextViewController.m */,
				434525961D9520D50008ABC7 /* Assets.xcassets */,
				434525981D9520D50008ABC7 /* LaunchScreen.storyboard */,
				4345259B1D9520D50008ABC7 /* Info.plist */,
				4345258A1D9520D50008ABC7 /* Supporting Files */,
			);
			path = "抽屉";
			sourceTree = "<group>";
		};
		4345258A1D9520D50008ABC7 /* Supporting Files */ = {
			isa = PBXGroup;
			children = (
				4345258B1D9520D50008ABC7 /* main.m */,
			);
			name = "Supporting Files";
			sourceTree = "<group>";
		};
		434525A11D9521000008ABC7 /* HTDrawer */ = {
			isa = PBXGroup;
			children = (
				434525A21D9521160008ABC7 /* RootVc.h */,
				434525A31D9521160008ABC7 /* RootVc.m */,
				434525A51D9521320008ABC7 /* LeftVc.h */,
				434525A61D9521320008ABC7 /* LeftVc.m */,
				434525A81D9521400008ABC7 /* RightVc.h */,
				434525A91D9521400008ABC7 /* RightVc.m */,
			);
			path = HTDrawer;
			sourceTree = "<group>";
		};
/* End PBXGroup section */

/* Begin PBXNativeTarget section */
		434525861D9520D50008ABC7 /* 抽屉 */ = {
			isa = PBXNativeTarget;
			buildConfigurationList = 4345259E1D9520D50008ABC7 /* Build configuration list for PBXNativeTarget "抽屉" */;
			buildPhases = (
				434525831D9520D50008ABC7 /* Sources */,
				434525841D9520D50008ABC7 /* Frameworks */,
				434525851D9520D50008ABC7 /* Resources */,
			);
			buildRules = (
			);
			dependencies = (
			);
			name = "抽屉";
			productName = "抽屉";
			productReference = 434525871D9520D50008ABC7 /* 抽屉.app */;
			productType = "com.apple.product-type.application";
		};
/* End PBXNativeTarget section */

/* Begin PBXProject section */
		4345257F1D9520D50008ABC7 /* Project object */ = {
			isa = PBXProject;
			attributes = {
				LastUpgradeCheck = 0720;
				ORGANIZATIONNAME = hardy;
				TargetAttributes = {
					434525861D9520D50008ABC7 = {
						CreatedOnToolsVersion = 7.2.1;
					};
				};
			};
			buildConfigurationList = 434525821D9520D50008ABC7 /* Build configuration list for PBXProject "抽屉" */;
			compatibilityVersion = "Xcode 3.2";
			developmentRegion = English;
			hasScannedForEncodings = 0;
			knownRegions = (
				en,
				Base,
			);
			mainGroup = 4345257E1D9520D50008ABC7;
			productRefGroup = 434525881D9520D50008ABC7 /* Products */;
			projectDirPath = "";
			projectRoot = "";
			targets = (
				434525861D9520D50008ABC7 /* 抽屉 */,
			);
		};
/* End PBXProject section */

/* Begin PBXResourcesBuildPhase section */
		434525851D9520D50008ABC7 /* Resources */ = {
			isa = PBXResourcesBuildPhase;
			buildActionMask = 2147483647;
			files = (
				4345259A1D9520D50008ABC7 /* LaunchScreen.storyboard in Resources */,
				434525971D9520D50008ABC7 /* Assets.xcassets in Resources */,
			);
			runOnlyForDeploymentPostprocessing = 0;
		};
/* End PBXResourcesBuildPhase section */

/* Begin PBXSourcesBuildPhase section */
		434525831D9520D50008ABC7 /* Sources */ = {
			isa = PBXSourcesBuildPhase;
			buildActionMask = 2147483647;
			files = (
				434525A41D9521160008ABC7 /* RootVc.m in Sources */,
				4345258F1D9520D50008ABC7 /* AppDelegate.m in Sources */,
				4345258C1D9520D50008ABC7 /* main.m in Sources */,
				434525A71D9521320008ABC7 /* LeftVc.m in Sources */,
				434525AA1D9521400008ABC7 /* RightVc.m in Sources */,
				432DF7531EE7DC9B0048802F /* HTNextViewController.m in Sources */,
			);
			runOnlyForDeploymentPostprocessing = 0;
		};
/* End PBXSourcesBuildPhase section */

/* Begin PBXVariantGroup section */
		434525981D9520D50008ABC7 /* LaunchScreen.storyboard */ = {
			isa = PBXVariantGroup;
			children = (
				434525991D9520D50008ABC7 /* Base */,
			);
			name = LaunchScreen.storyboard;
			sourceTree = "<group>";
		};
/* End PBXVariantGroup section */

/* Begin XCBuildConfiguration section */
		4345259C1D9520D50008ABC7 /* Debug */ = {
			isa = XCBuildConfiguration;
			buildSettings = {
				ALWAYS_SEARCH_USER_PATHS = NO;
				CLANG_CXX_LANGUAGE_STANDARD = "gnu++0x";
				CLANG_CXX_LIBRARY = "libc++";
				CLANG_ENABLE_MODULES = YES;
				CLANG_ENABLE_OBJC_ARC = YES;
				CLANG_WARN_BOOL_CONVERSION = YES;
				CLANG_WARN_CONSTANT_CONVERSION = YES;
				CLANG_WARN_DIRECT_OBJC_ISA_USAGE = YES_ERROR;
				CLANG_WARN_EMPTY_BODY = YES;
				CLANG_WARN_ENUM_CONVERSION = YES;
				CLANG_WARN_INT_CONVERSION = YES;
				CLANG_WARN_OBJC_ROOT_CLASS = YES_ERROR;
				CLANG_WARN_UNREACHABLE_CODE = YES;
				CLANG_WARN__DUPLICATE_METHOD_MATCH = YES;
				"CODE_SIGN_IDENTITY[sdk=iphoneos*]" = "iPhone Developer";
				COPY_PHASE_STRIP = NO;
				DEBUG_INFORMATION_FORMAT = dwarf;
				ENABLE_STRICT_OBJC_MSGSEND = YES;
				ENABLE_TESTABILITY = YES;
				GCC_C_LANGUAGE_STANDARD = gnu99;
				GCC_DYNAMIC_NO_PIC = NO;
				GCC_NO_COMMON_BLOCKS = YES;
				GCC_OPTIMIZATION_LEVEL = 0;
				GCC_PREPROCESSOR_DEFINITIONS = (
					"DEBUG=1",
					"$(inherited)",
				);
				GCC_WARN_64_TO_32_BIT_CONVERSION = YES;
				GCC_WARN_ABOUT_RETURN_TYPE = YES_ERROR;
				GCC_WARN_UNDECLARED_SELECTOR = YES;
				GCC_WARN_UNINITIALIZED_AUTOS = YES_AGGRESSIVE;
				GCC_WARN_UNUSED_FUNCTION = YES;
				GCC_WARN_UNUSED_VARIABLE = YES;
				IPHONEOS_DEPLOYMENT_TARGET = 9.2;
				MTL_ENABLE_DEBUG_INFO = YES;
				ONLY_ACTIVE_ARCH = YES;
				SDKROOT = iphoneos;
			};
			name = Debug;
		};
		4345259D1D9520D50008ABC7 /* Release */ = {
			isa = XCBuildConfiguration;
			buildSettings = {
				ALWAYS_SEARCH_USER_PATHS = NO;
				CLANG_CXX_LANGUAGE_STANDARD = "gnu++0x";
				CLANG_CXX_LIBRARY = "libc++";
				CLANG_ENABLE_MODULES = YES;
				CLANG_ENABLE_OBJC_ARC = YES;
				CLANG_WARN_BOOL_CONVERSION = YES;
				CLANG_WARN_CONSTANT_CONVERSION = YES;
				CLANG_WARN_DIRECT_OBJC_ISA_USAGE = YES_ERROR;
				CLANG_WARN_EMPTY_BODY = YES;
				CLANG_WARN_ENUM_CONVERSION = YES;
				CLANG_WARN_INT_CONVERSION = YES;
				CLANG_WARN_OBJC_ROOT_CLASS = YES_ERROR;
				CLANG_WARN_UNREACHABLE_CODE = YES;
				CLANG_WARN__DUPLICATE_METHOD_MATCH = YES;
				"CODE_SIGN_IDENTITY[sdk=iphoneos*]" = "iPhone Developer";
				COPY_PHASE_STRIP = NO;
				DEBUG_INFORMATION_FORMAT = "dwarf-with-dsym";
				ENABLE_NS_ASSERTIONS = NO;
				ENABLE_STRICT_OBJC_MSGSEND = YES;
				GCC_C_LANGUAGE_STANDARD = gnu99;
				GCC_NO_COMMON_BLOCKS = YES;
				GCC_WARN_64_TO_32_BIT_CONVERSION = YES;
				GCC_WARN_ABOUT_RETURN_TYPE = YES_ERROR;
				GCC_WARN_UNDECLARED_SELECTOR = YES;
				GCC_WARN_UNINITIALIZED_AUTOS = YES_AGGRESSIVE;
				GCC_WARN_UNUSED_FUNCTION = YES;
				GCC_WARN_UNUSED_VARIABLE = YES;
				IPHONEOS_DEPLOYMENT_TARGET = 9.2;
				MTL_ENABLE_DEBUG_INFO = NO;
				SDKROOT = iphoneos;
				VALIDATE_PRODUCT = YES;
			};
			name = Release;
		};
		4345259F1D9520D50008ABC7 /* Debug */ = {
			isa = XCBuildConfiguration;
			buildSettings = {
				ASSETCATALOG_COMPILER_APPICON_NAME = AppIcon;
				INFOPLIST_FILE = "抽屉/Info.plist";
				LD_RUNPATH_SEARCH_PATHS = "$(inherited) @executable_path/Frameworks";
				PRODUCT_BUNDLE_IDENTIFIER = "com.hardy.--";
				PRODUCT_NAME = "$(TARGET_NAME)";
			};
			name = Debug;
		};
		434525A01D9520D50008ABC7 /* Release */ = {
			isa = XCBuildConfiguration;
			buildSettings = {
				ASSETCATALOG_COMPILER_APPICON_NAME = AppIcon;
				INFOPLIST_FILE = "抽屉/Info.plist";
				LD_RUNPATH_SEARCH_PATHS = "$(inherited) @executable_path/Frameworks";
				PRODUCT_BUNDLE_IDENTIFIER = "com.hardy.--";
				PRODUCT_NAME = "$(TARGET_NAME)";
			};
			name = Release;
		};
/* End XCBuildConfiguration section */

/* Begin XCConfigurationList section */
		434525821D9520D50008ABC7 /* Build configuration list for PBXProject "抽屉" */ = {
			isa = XCConfigurationList;
			buildConfigurations = (
				4345259C1D9520D50008ABC7 /* Debug */,
				4345259D1D9520D50008ABC7 /* Release */,
			);
			defaultConfigurationIsVisible = 0;
			defaultConfigurationName = Release;
		};
		4345259E1D9520D50008ABC7 /* Build configuration list for PBXNativeTarget "抽屉" */ = {
			isa = XCConfigurationList;
			buildConfigurations = (
				4345259F1D9520D50008ABC7 /* Debug */,
				434525A01D9520D50008ABC7 /* Release */,
			);
			defaultConfigurationIsVisible = 0;
			defaultConfigurationName = Release;
		};
/* End XCConfigurationList section */
	};
	rootObject = 4345257F1D9520D50008ABC7 /* Project object */;
}
