// !$*UTF8*$!
{
	archiveVersion = 1;
	classes = {
	};
	objectVersion = 46;
	objects = {

/* Begin PBXBuildFile section */
		432DE6C51F61271600173E1D /* main.m in Sources */ = {isa = PBXBuildFile; fileRef = 432DE6C41F61271600173E1D /* main.m */; };
		432DE6C81F61271600173E1D /* AppDelegate.m in Sources */ = {isa = PBXBuildFile; fileRef = 432DE6C71F61271600173E1D /* AppDelegate.m */; };
		432DE6CB1F61271600173E1D /* ViewController.m in Sources */ = {isa = PBXBuildFile; fileRef = 432DE6CA1F61271600173E1D /* ViewController.m */; };
		432DE6CE1F61271600173E1D /* Main.storyboard in Resources */ = {isa = PBXBuildFile; fileRef = 432DE6CC1F61271600173E1D /* Main.storyboard */; };
		432DE6D01F61271600173E1D /* Assets.xcassets in Resources */ = {isa = PBXBuildFile; fileRef = 432DE6CF1F61271600173E1D /* Assets.xcassets */; };
		432DE6D31F61271600173E1D /* LaunchScreen.storyboard in Resources */ = {isa = PBXBuildFile; fileRef = 432DE6D11F61271600173E1D /* LaunchScreen.storyboard */; };
		432DE6DC1F61279000173E1D /* HTVideoCapture.m in Sources */ = {isa = PBXBuildFile; fileRef = 432DE6DB1F61279000173E1D /* HTVideoCapture.m */; };
/* End PBXBuildFile section */

/* Begin PBXFileReference section */
		432DE6C01F61271600173E1D /* AVFoundation应用.app */ = {isa = PBXFileReference; explicitFileType = wrapper.application; includeInIndex = 0; path = "AVFoundation应用.app"; sourceTree = BUILT_PRODUCTS_DIR; };
		432DE6C41F61271600173E1D /* main.m */ = {isa = PBXFileReference; lastKnownFileType = sourcecode.c.objc; path = main.m; sourceTree = "<group>"; };
		432DE6C61F61271600173E1D /* AppDelegate.h */ = {isa = PBXFileReference; lastKnownFileType = sourcecode.c.h; path = AppDelegate.h; sourceTree = "<group>"; };
		432DE6C71F61271600173E1D /* AppDelegate.m */ = {isa = PBXFileReference; lastKnownFileType = sourcecode.c.objc; path = AppDelegate.m; sourceTree = "<group>"; };
		432DE6C91F61271600173E1D /* ViewController.h */ = {isa = PBXFileReference; lastKnownFileType = sourcecode.c.h; path = ViewController.h; sourceTree = "<group>"; };
		432DE6CA1F61271600173E1D /* ViewController.m */ = {isa = PBXFileReference; lastKnownFileType = sourcecode.c.objc; path = ViewController.m; sourceTree = "<group>"; };
		432DE6CD1F61271600173E1D /* Base */ = {isa = PBXFileReference; lastKnownFileType = file.storyboard; name = Base; path = Base.lproj/Main.storyboard; sourceTree = "<group>"; };
		432DE6CF1F61271600173E1D /* Assets.xcassets */ = {isa = PBXFileReference; lastKnownFileType = folder.assetcatalog; path = Assets.xcassets; sourceTree = "<group>"; };
		432DE6D21F61271600173E1D /* Base */ = {isa = PBXFileReference; lastKnownFileType = file.storyboard; name = Base; path = Base.lproj/LaunchScreen.storyboard; sourceTree = "<group>"; };
		432DE6D41F61271600173E1D /* Info.plist */ = {isa = PBXFileReference; lastKnownFileType = text.plist.xml; path = Info.plist; sourceTree = "<group>"; };
		432DE6DA1F61279000173E1D /* HTVideoCapture.h */ = {isa = PBXFileReference; fileEncoding = 4; lastKnownFileType = sourcecode.c.h; path = HTVideoCapture.h; sourceTree = "<group>"; };
		432DE6DB1F61279000173E1D /* HTVideoCapture.m */ = {isa = PBXFileReference; fileEncoding = 4; lastKnownFileType = sourcecode.c.objc; path = HTVideoCapture.m; sourceTree = "<group>"; };
/* End PBXFileReference section */

/* Begin PBXFrameworksBuildPhase section */
		432DE6BD1F61271600173E1D /* Frameworks */ = {
			isa = PBXFrameworksBuildPhase;
			buildActionMask = 2147483647;
			files = (
			);
			runOnlyForDeploymentPostprocessing = 0;
		};
/* End PBXFrameworksBuildPhase section */

/* Begin PBXGroup section */
		432DE6B71F61271600173E1D = {
			isa = PBXGroup;
			children = (
				432DE6C21F61271600173E1D /* AVFoundation应用 */,
				432DE6C11F61271600173E1D /* Products */,
			);
			sourceTree = "<group>";
		};
		432DE6C11F61271600173E1D /* Products */ = {
			isa = PBXGroup;
			children = (
				432DE6C01F61271600173E1D /* AVFoundation应用.app */,
			);
			name = Products;
			sourceTree = "<group>";
		};
		432DE6C21F61271600173E1D /* AVFoundation应用 */ = {
			isa = PBXGroup;
			children = (
				432DE6C61F61271600173E1D /* AppDelegate.h */,
				432DE6C71F61271600173E1D /* AppDelegate.m */,
				432DE6C91F61271600173E1D /* ViewController.h */,
				432DE6CA1F61271600173E1D /* ViewController.m */,
				432DE6DA1F61279000173E1D /* HTVideoCapture.h */,
				432DE6DB1F61279000173E1D /* HTVideoCapture.m */,
				432DE6CC1F61271600173E1D /* Main.storyboard */,
				432DE6CF1F61271600173E1D /* Assets.xcassets */,
				432DE6D11F61271600173E1D /* LaunchScreen.storyboard */,
				432DE6D41F61271600173E1D /* Info.plist */,
				432DE6C31F61271600173E1D /* Supporting Files */,
			);
			path = "AVFoundation应用";
			sourceTree = "<group>";
		};
		432DE6C31F61271600173E1D /* Supporting Files */ = {
			isa = PBXGroup;
			children = (
				432DE6C41F61271600173E1D /* main.m */,
			);
			name = "Supporting Files";
			sourceTree = "<group>";
		};
/* End PBXGroup section */

/* Begin PBXNativeTarget section */
		432DE6BF1F61271600173E1D /* AVFoundation应用 */ = {
			isa = PBXNativeTarget;
			buildConfigurationList = 432DE6D71F61271600173E1D /* Build configuration list for PBXNativeTarget "AVFoundation应用" */;
			buildPhases = (
				432DE6BC1F61271600173E1D /* Sources */,
				432DE6BD1F61271600173E1D /* Frameworks */,
				432DE6BE1F61271600173E1D /* Resources */,
			);
			buildRules = (
			);
			dependencies = (
			);
			name = "AVFoundation应用";
			productName = "AVFoundation应用";
			productReference = 432DE6C01F61271600173E1D /* AVFoundation应用.app */;
			productType = "com.apple.product-type.application";
		};
/* End PBXNativeTarget section */

/* Begin PBXProject section */
		432DE6B81F61271600173E1D /* Project object */ = {
			isa = PBXProject;
			attributes = {
				LastUpgradeCheck = 0830;
				ORGANIZATIONNAME = "胡海涛";
				TargetAttributes = {
					432DE6BF1F61271600173E1D = {
						CreatedOnToolsVersion = 8.3;
						DevelopmentTeam = 2E8U858YT5;
						ProvisioningStyle = Automatic;
					};
				};
			};
			buildConfigurationList = 432DE6BB1F61271600173E1D /* Build configuration list for PBXProject "AVFoundation应用" */;
			compatibilityVersion = "Xcode 3.2";
			developmentRegion = English;
			hasScannedForEncodings = 0;
			knownRegions = (
				en,
				Base,
			);
			mainGroup = 432DE6B71F61271600173E1D;
			productRefGroup = 432DE6C11F61271600173E1D /* Products */;
			projectDirPath = "";
			projectRoot = "";
			targets = (
				432DE6BF1F61271600173E1D /* AVFoundation应用 */,
			);
		};
/* End PBXProject section */

/* Begin PBXResourcesBuildPhase section */
		432DE6BE1F61271600173E1D /* Resources */ = {
			isa = PBXResourcesBuildPhase;
			buildActionMask = 2147483647;
			files = (
				432DE6D31F61271600173E1D /* LaunchScreen.storyboard in Resources */,
				432DE6D01F61271600173E1D /* Assets.xcassets in Resources */,
				432DE6CE1F61271600173E1D /* Main.storyboard in Resources */,
			);
			runOnlyForDeploymentPostprocessing = 0;
		};
/* End PBXResourcesBuildPhase section */

/* Begin PBXSourcesBuildPhase section */
		432DE6BC1F61271600173E1D /* Sources */ = {
			isa = PBXSourcesBuildPhase;
			buildActionMask = 2147483647;
			files = (
				432DE6CB1F61271600173E1D /* ViewController.m in Sources */,
				432DE6DC1F61279000173E1D /* HTVideoCapture.m in Sources */,
				432DE6C81F61271600173E1D /* AppDelegate.m in Sources */,
				432DE6C51F61271600173E1D /* main.m in Sources */,
			);
			runOnlyForDeploymentPostprocessing = 0;
		};
/* End PBXSourcesBuildPhase section */

/* Begin PBXVariantGroup section */
		432DE6CC1F61271600173E1D /* Main.storyboard */ = {
			isa = PBXVariantGroup;
			children = (
				432DE6CD1F61271600173E1D /* Base */,
			);
			name = Main.storyboard;
			sourceTree = "<group>";
		};
		432DE6D11F61271600173E1D /* LaunchScreen.storyboard */ = {
			isa = PBXVariantGroup;
			children = (
				432DE6D21F61271600173E1D /* Base */,
			);
			name = LaunchScreen.storyboard;
			sourceTree = "<group>";
		};
/* End PBXVariantGroup section */

/* Begin XCBuildConfiguration section */
		432DE6D51F61271600173E1D /* Debug */ = {
			isa = XCBuildConfiguration;
			buildSettings = {
				ALWAYS_SEARCH_USER_PATHS = NO;
				CLANG_ANALYZER_NONNULL = YES;
				CLANG_ANALYZER_NUMBER_OBJECT_CONVERSION = YES_AGGRESSIVE;
				CLANG_CXX_LANGUAGE_STANDARD = "gnu++0x";
				CLANG_CXX_LIBRARY = "libc++";
				CLANG_ENABLE_MODULES = YES;
				CLANG_ENABLE_OBJC_ARC = YES;
				CLANG_WARN_BOOL_CONVERSION = YES;
				CLANG_WARN_CONSTANT_CONVERSION = YES;
				CLANG_WARN_DIRECT_OBJC_ISA_USAGE = YES_ERROR;
				CLANG_WARN_DOCUMENTATION_COMMENTS = YES;
				CLANG_WARN_EMPTY_BODY = YES;
				CLANG_WARN_ENUM_CONVERSION = YES;
				CLANG_WARN_INFINITE_RECURSION = YES;
				CLANG_WARN_INT_CONVERSION = YES;
				CLANG_WARN_OBJC_ROOT_CLASS = YES_ERROR;
				CLANG_WARN_SUSPICIOUS_MOVE = YES;
				CLANG_WARN_UNREACHABLE_CODE = YES;
				CLANG_WARN__DUPLICATE_METHOD_MATCH = YES;
				"CODE_SIGN_IDENTITY[sdk=iphoneos*]" = "iPhone Developer";
				COPY_PHASE_STRIP = NO;
				DEBUG_INFORMATION_FORMAT = dwarf;
				ENABLE_STRICT_OBJC_MSGSEND = YES;
				ENABLE_TESTABILITY = YES;
				GCC_C_LANGUAGE_STANDARD = gnu99;
				GCC_DYNAMIC_NO_PIC = NO;
				GCC_NO_COMMON_BLOCKS = YES;
				GCC_OPTIMIZATION_LEVEL = 0;
				GCC_PREPROCESSOR_DEFINITIONS = (
					"DEBUG=1",
					"$(inherited)",
				);
				GCC_WARN_64_TO_32_BIT_CONVERSION = YES;
				GCC_WARN_ABOUT_RETURN_TYPE = YES_ERROR;
				GCC_WARN_UNDECLARED_SELECTOR = YES;
				GCC_WARN_UNINITIALIZED_AUTOS = YES_AGGRESSIVE;
				GCC_WARN_UNUSED_FUNCTION = YES;
				GCC_WARN_UNUSED_VARIABLE = YES;
				IPHONEOS_DEPLOYMENT_TARGET = 10.3;
				MTL_ENABLE_DEBUG_INFO = YES;
				ONLY_ACTIVE_ARCH = YES;
				SDKROOT = iphoneos;
			};
			name = Debug;
		};
		432DE6D61F61271600173E1D /* Release */ = {
			isa = XCBuildConfiguration;
			buildSettings = {
				ALWAYS_SEARCH_USER_PATHS = NO;
				CLANG_ANALYZER_NONNULL = YES;
				CLANG_ANALYZER_NUMBER_OBJECT_CONVERSION = YES_AGGRESSIVE;
				CLANG_CXX_LANGUAGE_STANDARD = "gnu++0x";
				CLANG_CXX_LIBRARY = "libc++";
				CLANG_ENABLE_MODULES = YES;
				CLANG_ENABLE_OBJC_ARC = YES;
				CLANG_WARN_BOOL_CONVERSION = YES;
				CLANG_WARN_CONSTANT_CONVERSION = YES;
				CLANG_WARN_DIRECT_OBJC_ISA_USAGE = YES_ERROR;
				CLANG_WARN_DOCUMENTATION_COMMENTS = YES;
				CLANG_WARN_EMPTY_BODY = YES;
				CLANG_WARN_ENUM_CONVERSION = YES;
				CLANG_WARN_INFINITE_RECURSION = YES;
				CLANG_WARN_INT_CONVERSION = YES;
				CLANG_WARN_OBJC_ROOT_CLASS = YES_ERROR;
				CLANG_WARN_SUSPICIOUS_MOVE = YES;
				CLANG_WARN_UNREACHABLE_CODE = YES;
				CLANG_WARN__DUPLICATE_METHOD_MATCH = YES;
				"CODE_SIGN_IDENTITY[sdk=iphoneos*]" = "iPhone Developer";
				COPY_PHASE_STRIP = NO;
				DEBUG_INFORMATION_FORMAT = "dwarf-with-dsym";
				ENABLE_NS_ASSERTIONS = NO;
				ENABLE_STRICT_OBJC_MSGSEND = YES;
				GCC_C_LANGUAGE_STANDARD = gnu99;
				GCC_NO_COMMON_BLOCKS = YES;
				GCC_WARN_64_TO_32_BIT_CONVERSION = YES;
				GCC_WARN_ABOUT_RETURN_TYPE = YES_ERROR;
				GCC_WARN_UNDECLARED_SELECTOR = YES;
				GCC_WARN_UNINITIALIZED_AUTOS = YES_AGGRESSIVE;
				GCC_WARN_UNUSED_FUNCTION = YES;
				GCC_WARN_UNUSED_VARIABLE = YES;
				IPHONEOS_DEPLOYMENT_TARGET = 10.3;
				MTL_ENABLE_DEBUG_INFO = NO;
				SDKROOT = iphoneos;
				VALIDATE_PRODUCT = YES;
			};
			name = Release;
		};
		432DE6D81F61271600173E1D /* Debug */ = {
			isa = XCBuildConfiguration;
			buildSettings = {
				ASSETCATALOG_COMPILER_APPICON_NAME = AppIcon;
				DEVELOPMENT_TEAM = 2E8U858YT5;
				INFOPLIST_FILE = "AVFoundation应用/Info.plist";
				IPHONEOS_DEPLOYMENT_TARGET = 10.0;
				LD_RUNPATH_SEARCH_PATHS = "$(inherited) @executable_path/Frameworks";
				PRODUCT_BUNDLE_IDENTIFIER = "com.aisino.hardy.AVFoundation--";
				PRODUCT_NAME = "$(TARGET_NAME)";
			};
			name = Debug;
		};
		432DE6D91F61271600173E1D /* Release */ = {
			isa = XCBuildConfiguration;
			buildSettings = {
				ASSETCATALOG_COMPILER_APPICON_NAME = AppIcon;
				DEVELOPMENT_TEAM = 2E8U858YT5;
				INFOPLIST_FILE = "AVFoundation应用/Info.plist";
				IPHONEOS_DEPLOYMENT_TARGET = 10.0;
				LD_RUNPATH_SEARCH_PATHS = "$(inherited) @executable_path/Frameworks";
				PRODUCT_BUNDLE_IDENTIFIER = "com.aisino.hardy.AVFoundation--";
				PRODUCT_NAME = "$(TARGET_NAME)";
			};
			name = Release;
		};
/* End XCBuildConfiguration section */

/* Begin XCConfigurationList section */
		432DE6BB1F61271600173E1D /* Build configuration list for PBXProject "AVFoundation应用" */ = {
			isa = XCConfigurationList;
			buildConfigurations = (
				432DE6D51F61271600173E1D /* Debug */,
				432DE6D61F61271600173E1D /* Release */,
			);
			defaultConfigurationIsVisible = 0;
			defaultConfigurationName = Release;
		};
		432DE6D71F61271600173E1D /* Build configuration list for PBXNativeTarget "AVFoundation应用" */ = {
			isa = XCConfigurationList;
			buildConfigurations = (
				432DE6D81F61271600173E1D /* Debug */,
				432DE6D91F61271600173E1D /* Release */,
			);
			defaultConfigurationIsVisible = 0;
			defaultConfigurationName = Release;
		};
/* End XCConfigurationList section */
	};
	rootObject = 432DE6B81F61271600173E1D /* Project object */;
}
